
Microsoft Visual Studio Solution File, Format Version 12.00
# Visual Studio 14
VisualStudioVersion = 14.0.25420.1
MinimumVisualStudioVersion = 10.0.40219.1
Project("{2150E333-8FDC-42A3-9474-1A3956D46DE8}") = "src", "src", "{04A60EE8-6529-45CF-9B9B-9090D1AE2588}"
EndProject
Project("{2150E333-8FDC-42A3-9474-1A3956D46DE8}") = "Solution Items", "Solution Items", "{1810FACF-BB9C-44F1-BDAC-F05F5486236C}"
	ProjectSection(SolutionItems) = preProject
		global.json = global.json
	EndProjectSection
EndProject
Project("{8BB2217D-0F2D-49D1-97BC-3654ED321F3B}") = "NotificationsTest", "src\NotificationsTest\NotificationsTest.xproj", "{4E96672B-4994-484D-83C5-F893D63CEA74}"
EndProject
Project("{8BB2217D-0F2D-49D1-97BC-3654ED321F3B}") = "NotificationTest.Business", "src\NotificationTest.Business\NotificationTest.Business.xproj", "{2FD0D488-3474-46CD-881A-20C2BADA6E15}"
EndProject
Project("{8BB2217D-0F2D-49D1-97BC-3654ED321F3B}") = "NotificationsTest.DataAccess", "src\NotificationsTest.DataAccess\NotificationsTest.DataAccess.xproj", "{89FB659A-EAC9-4FAD-9D5D-F888F01E302F}"
EndProject
Global
	GlobalSection(SolutionConfigurationPlatforms) = preSolution
		Debug|Any CPU = Debug|Any CPU
		Release|Any CPU = Release|Any CPU
	EndGlobalSection
	GlobalSection(ProjectConfigurationPlatforms) = postSolution
		{4E96672B-4994-484D-83C5-F893D63CEA74}.Debug|Any CPU.ActiveCfg = Debug|Any CPU
		{4E96672B-4994-484D-83C5-F893D63CEA74}.Debug|Any CPU.Build.0 = Debug|Any CPU
		{4E96672B-4994-484D-83C5-F893D63CEA74}.Release|Any CPU.ActiveCfg = Release|Any CPU
		{4E96672B-4994-484D-83C5-F893D63CEA74}.Release|Any CPU.Build.0 = Release|Any CPU
		{2FD0D488-3474-46CD-881A-20C2BADA6E15}.Debug|Any CPU.ActiveCfg = Debug|Any CPU
		{2FD0D488-3474-46CD-881A-20C2BADA6E15}.Debug|Any CPU.Build.0 = Debug|Any CPU
		{2FD0D488-3474-46CD-881A-20C2BADA6E15}.Release|Any CPU.ActiveCfg = Release|Any CPU
		{2FD0D488-3474-46CD-881A-20C2BADA6E15}.Release|Any CPU.Build.0 = Release|Any CPU
		{89FB659A-EAC9-4FAD-9D5D-F888F01E302F}.Debug|Any CPU.ActiveCfg = Debug|Any CPU
		{89FB659A-EAC9-4FAD-9D5D-F888F01E302F}.Debug|Any CPU.Build.0 = Debug|Any CPU
		{89FB659A-EAC9-4FAD-9D5D-F888F01E302F}.Release|Any CPU.ActiveCfg = Release|Any CPU
		{89FB659A-EAC9-4FAD-9D5D-F888F01E302F}.Release|Any CPU.Build.0 = Release|Any CPU
	EndGlobalSection
	GlobalSection(SolutionProperties) = preSolution
		HideSolutionNode = FALSE
	EndGlobalSection
	GlobalSection(NestedProjects) = preSolution
		{4E96672B-4994-484D-83C5-F893D63CEA74} = {04A60EE8-6529-45CF-9B9B-9090D1AE2588}
		{2FD0D488-3474-46CD-881A-20C2BADA6E15} = {04A60EE8-6529-45CF-9B9B-9090D1AE2588}
		{89FB659A-EAC9-4FAD-9D5D-F888F01E302F} = {04A60EE8-6529-45CF-9B9B-9090D1AE2588}
	EndGlobalSection
EndGlobal
